// !$*UTF8*$!
{
	archiveVersion = 1;
	classes = {
	};
	objectVersion = 46;
	objects = {

/* Begin PBXBuildFile section */
		810CEDCC19B6B8C00050CD7B /* Foundation.framework in Frameworks */ = {isa = PBXBuildFile; fileRef = 810CEDCB19B6B8C00050CD7B /* Foundation.framework */; };
		810CEDCE19B6B8C00050CD7B /* CoreGraphics.framework in Frameworks */ = {isa = PBXBuildFile; fileRef = 810CEDCD19B6B8C00050CD7B /* CoreGraphics.framework */; };
		810CEDD019B6B8C00050CD7B /* UIKit.framework in Frameworks */ = {isa = PBXBuildFile; fileRef = 810CEDCF19B6B8C00050CD7B /* UIKit.framework */; };
		810CEDD619B6B8C00050CD7B /* InfoPlist.strings in Resources */ = {isa = PBXBuildFile; fileRef = 810CEDD419B6B8C00050CD7B /* InfoPlist.strings */; };
		810CEDD819B6B8C00050CD7B /* main.m in Sources */ = {isa = PBXBuildFile; fileRef = 810CEDD719B6B8C00050CD7B /* main.m */; };
		810CEDDC19B6B8C00050CD7B /* BLAppDelegate.m in Sources */ = {isa = PBXBuildFile; fileRef = 810CEDDB19B6B8C00050CD7B /* BLAppDelegate.m */; };
		810CEDDF19B6B8C00050CD7B /* Main.storyboard in Resources */ = {isa = PBXBuildFile; fileRef = 810CEDDD19B6B8C00050CD7B /* Main.storyboard */; };
		810CEDE219B6B8C00050CD7B /* BLViewController.m in Sources */ = {isa = PBXBuildFile; fileRef = 810CEDE119B6B8C00050CD7B /* BLViewController.m */; };
		810CEDE419B6B8C00050CD7B /* Images.xcassets in Resources */ = {isa = PBXBuildFile; fileRef = 810CEDE319B6B8C00050CD7B /* Images.xcassets */; };
		810CEDEB19B6B8C00050CD7B /* XCTest.framework in Frameworks */ = {isa = PBXBuildFile; fileRef = 810CEDEA19B6B8C00050CD7B /* XCTest.framework */; };
		810CEDEC19B6B8C00050CD7B /* Foundation.framework in Frameworks */ = {isa = PBXBuildFile; fileRef = 810CEDCB19B6B8C00050CD7B /* Foundation.framework */; };
		810CEDED19B6B8C00050CD7B /* UIKit.framework in Frameworks */ = {isa = PBXBuildFile; fileRef = 810CEDCF19B6B8C00050CD7B /* UIKit.framework */; };
		810CEDF519B6B8C00050CD7B /* InfoPlist.strings in Resources */ = {isa = PBXBuildFile; fileRef = 810CEDF319B6B8C00050CD7B /* InfoPlist.strings */; };
		810CEDF719B6B8C00050CD7B /* BullsEyeTests.m in Sources */ = {isa = PBXBuildFile; fileRef = 810CEDF619B6B8C00050CD7B /* BullsEyeTests.m */; };
/* End PBXBuildFile section */

/* Begin PBXContainerItemProxy section */
		810CEDEE19B6B8C00050CD7B /* PBXContainerItemProxy */ = {
			isa = PBXContainerItemProxy;
			containerPortal = 810CEDC019B6B8C00050CD7B /* Project object */;
			proxyType = 1;
			remoteGlobalIDString = 810CEDC719B6B8C00050CD7B;
			remoteInfo = BullsEye;
		};
/* End PBXContainerItemProxy section */

/* Begin PBXFileReference section */
		810CEDC819B6B8C00050CD7B /* BullsEye.app */ = {isa = PBXFileReference; explicitFileType = wrapper.application; includeInIndex = 0; path = BullsEye.app; sourceTree = BUILT_PRODUCTS_DIR; };
		810CEDCB19B6B8C00050CD7B /* Foundation.framework */ = {isa = PBXFileReference; lastKnownFileType = wrapper.framework; name = Foundation.framework; path = System/Library/Frameworks/Foundation.framework; sourceTree = SDKROOT; };
		810CEDCD19B6B8C00050CD7B /* CoreGraphics.framework */ = {isa = PBXFileReference; lastKnownFileType = wrapper.framework; name = CoreGraphics.framework; path = System/Library/Frameworks/CoreGraphics.framework; sourceTree = SDKROOT; };
		810CEDCF19B6B8C00050CD7B /* UIKit.framework */ = {isa = PBXFileReference; lastKnownFileType = wrapper.framework; name = UIKit.framework; path = System/Library/Frameworks/UIKit.framework; sourceTree = SDKROOT; };
		810CEDD319B6B8C00050CD7B /* BullsEye-Info.plist */ = {isa = PBXFileReference; lastKnownFileType = text.plist.xml; path = "BullsEye-Info.plist"; sourceTree = "<group>"; };
		810CEDD519B6B8C00050CD7B /* en */ = {isa = PBXFileReference; lastKnownFileType = text.plist.strings; name = en; path = en.lproj/InfoPlist.strings; sourceTree = "<group>"; };
		810CEDD719B6B8C00050CD7B /* main.m */ = {isa = PBXFileReference; lastKnownFileType = sourcecode.c.objc; path = main.m; sourceTree = "<group>"; };
		810CEDD919B6B8C00050CD7B /* BullsEye-Prefix.pch */ = {isa = PBXFileReference; lastKnownFileType = sourcecode.c.h; path = "BullsEye-Prefix.pch"; sourceTree = "<group>"; };
		810CEDDA19B6B8C00050CD7B /* BLAppDelegate.h */ = {isa = PBXFileReference; lastKnownFileType = sourcecode.c.h; path = BLAppDelegate.h; sourceTree = "<group>"; };
		810CEDDB19B6B8C00050CD7B /* BLAppDelegate.m */ = {isa = PBXFileReference; lastKnownFileType = sourcecode.c.objc; path = BLAppDelegate.m; sourceTree = "<group>"; };
		810CEDDE19B6B8C00050CD7B /* Base */ = {isa = PBXFileReference; lastKnownFileType = file.storyboard; name = Base; path = Base.lproj/Main.storyboard; sourceTree = "<group>"; };
		810CEDE019B6B8C00050CD7B /* BLViewController.h */ = {isa = PBXFileReference; lastKnownFileType = sourcecode.c.h; path = BLViewController.h; sourceTree = "<group>"; };
		810CEDE119B6B8C00050CD7B /* BLViewController.m */ = {isa = PBXFileReference; lastKnownFileType = sourcecode.c.objc; path = BLViewController.m; sourceTree = "<group>"; };
		810CEDE319B6B8C00050CD7B /* Images.xcassets */ = {isa = PBXFileReference; lastKnownFileType = folder.assetcatalog; path = Images.xcassets; sourceTree = "<group>"; };
		810CEDE919B6B8C00050CD7B /* BullsEyeTests.xctest */ = {isa = PBXFileReference; explicitFileType = wrapper.cfbundle; includeInIndex = 0; path = BullsEyeTests.xctest; sourceTree = BUILT_PRODUCTS_DIR; };
		810CEDEA19B6B8C00050CD7B /* XCTest.framework */ = {isa = PBXFileReference; lastKnownFileType = wrapper.framework; name = XCTest.framework; path = Library/Frameworks/XCTest.framework; sourceTree = DEVELOPER_DIR; };
		810CEDF219B6B8C00050CD7B /* BullsEyeTests-Info.plist */ = {isa = PBXFileReference; lastKnownFileType = text.plist.xml; path = "BullsEyeTests-Info.plist"; sourceTree = "<group>"; };
		810CEDF419B6B8C00050CD7B /* en */ = {isa = PBXFileReference; lastKnownFileType = text.plist.strings; name = en; path = en.lproj/InfoPlist.strings; sourceTree = "<group>"; };
		810CEDF619B6B8C00050CD7B /* BullsEyeTests.m */ = {isa = PBXFileReference; lastKnownFileType = sourcecode.c.objc; path = BullsEyeTests.m; sourceTree = "<group>"; };
/* End PBXFileReference section */

/* Begin PBXFrameworksBuildPhase section */
		810CEDC519B6B8C00050CD7B /* Frameworks */ = {
			isa = PBXFrameworksBuildPhase;
			buildActionMask = 2147483647;
			files = (
				810CEDCE19B6B8C00050CD7B /* CoreGraphics.framework in Frameworks */,
				810CEDD019B6B8C00050CD7B /* UIKit.framework in Frameworks */,
				810CEDCC19B6B8C00050CD7B /* Foundation.framework in Frameworks */,
			);
			runOnlyForDeploymentPostprocessing = 0;
		};
		810CEDE619B6B8C00050CD7B /* Frameworks */ = {
			isa = PBXFrameworksBuildPhase;
			buildActionMask = 2147483647;
			files = (
				810CEDEB19B6B8C00050CD7B /* XCTest.framework in Frameworks */,
				810CEDED19B6B8C00050CD7B /* UIKit.framework in Frameworks */,
				810CEDEC19B6B8C00050CD7B /* Foundation.framework in Frameworks */,
			);
			runOnlyForDeploymentPostprocessing = 0;
		};
/* End PBXFrameworksBuildPhase section */

/* Begin PBXGroup section */
		810CEDBF19B6B8C00050CD7B = {
			isa = PBXGroup;
			children = (
				810CEDD119B6B8C00050CD7B /* BullsEye */,
				810CEDF019B6B8C00050CD7B /* BullsEyeTests */,
				810CEDCA19B6B8C00050CD7B /* Frameworks */,
				810CEDC919B6B8C00050CD7B /* Products */,
			);
			sourceTree = "<group>";
		};
		810CEDC919B6B8C00050CD7B /* Products */ = {
			isa = PBXGroup;
			children = (
				810CEDC819B6B8C00050CD7B /* BullsEye.app */,
				810CEDE919B6B8C00050CD7B /* BullsEyeTests.xctest */,
			);
			name = Products;
			sourceTree = "<group>";
		};
		810CEDCA19B6B8C00050CD7B /* Frameworks */ = {
			isa = PBXGroup;
			children = (
				810CEDCB19B6B8C00050CD7B /* Foundation.framework */,
				810CEDCD19B6B8C00050CD7B /* CoreGraphics.framework */,
				810CEDCF19B6B8C00050CD7B /* UIKit.framework */,
				810CEDEA19B6B8C00050CD7B /* XCTest.framework */,
			);
			name = Frameworks;
			sourceTree = "<group>";
		};
		810CEDD119B6B8C00050CD7B /* BullsEye */ = {
			isa = PBXGroup;
			children = (
				810CEDDA19B6B8C00050CD7B /* BLAppDelegate.h */,
				810CEDDB19B6B8C00050CD7B /* BLAppDelegate.m */,
				810CEDDD19B6B8C00050CD7B /* Main.storyboard */,
				810CEDE019B6B8C00050CD7B /* BLViewController.h */,
				810CEDE119B6B8C00050CD7B /* BLViewController.m */,
				810CEDE319B6B8C00050CD7B /* Images.xcassets */,
				810CEDD219B6B8C00050CD7B /* Supporting Files */,
			);
			path = BullsEye;
			sourceTree = "<group>";
		};
		810CEDD219B6B8C00050CD7B /* Supporting Files */ = {
			isa = PBXGroup;
			children = (
				810CEDD319B6B8C00050CD7B /* BullsEye-Info.plist */,
				810CEDD419B6B8C00050CD7B /* InfoPlist.strings */,
				810CEDD719B6B8C00050CD7B /* main.m */,
				810CEDD919B6B8C00050CD7B /* BullsEye-Prefix.pch */,
			);
			name = "Supporting Files";
			sourceTree = "<group>";
		};
		810CEDF019B6B8C00050CD7B /* BullsEyeTests */ = {
			isa = PBXGroup;
			children = (
				810CEDF619B6B8C00050CD7B /* BullsEyeTests.m */,
				810CEDF119B6B8C00050CD7B /* Supporting Files */,
			);
			path = BullsEyeTests;
			sourceTree = "<group>";
		};
		810CEDF119B6B8C00050CD7B /* Supporting Files */ = {
			isa = PBXGroup;
			children = (
				810CEDF219B6B8C00050CD7B /* BullsEyeTests-Info.plist */,
				810CEDF319B6B8C00050CD7B /* InfoPlist.strings */,
			);
			name = "Supporting Files";
			sourceTree = "<group>";
		};
/* End PBXGroup section */

/* Begin PBXNativeTarget section */
		810CEDC719B6B8C00050CD7B /* BullsEye */ = {
			isa = PBXNativeTarget;
			buildConfigurationList = 810CEDFA19B6B8C00050CD7B /* Build configuration list for PBXNativeTarget "BullsEye" */;
			buildPhases = (
				810CEDC419B6B8C00050CD7B /* Sources */,
				810CEDC519B6B8C00050CD7B /* Frameworks */,
				810CEDC619B6B8C00050CD7B /* Resources */,
			);
			buildRules = (
			);
			dependencies = (
			);
			name = BullsEye;
			productName = BullsEye;
			productReference = 810CEDC819B6B8C00050CD7B /* BullsEye.app */;
			productType = "com.apple.product-type.application";
		};
		810CEDE819B6B8C00050CD7B /* BullsEyeTests */ = {
			isa = PBXNativeTarget;
			buildConfigurationList = 810CEDFD19B6B8C00050CD7B /* Build configuration list for PBXNativeTarget "BullsEyeTests" */;
			buildPhases = (
				810CEDE519B6B8C00050CD7B /* Sources */,
				810CEDE619B6B8C00050CD7B /* Frameworks */,
				810CEDE719B6B8C00050CD7B /* Resources */,
			);
			buildRules = (
			);
			dependencies = (
				810CEDEF19B6B8C00050CD7B /* PBXTargetDependency */,
			);
			name = BullsEyeTests;
			productName = BullsEyeTests;
			productReference = 810CEDE919B6B8C00050CD7B /* BullsEyeTests.xctest */;
			productType = "com.apple.product-type.bundle.unit-test";
		};
/* End PBXNativeTarget section */

/* Begin PBXProject section */
		810CEDC019B6B8C00050CD7B /* Project object */ = {
			isa = PBXProject;
			attributes = {
				CLASSPREFIX = BL;
				LastUpgradeCheck = 0510;
				ORGANIZATIONNAME = "Benjamin Leader";
				TargetAttributes = {
					810CEDE819B6B8C00050CD7B = {
						TestTargetID = 810CEDC719B6B8C00050CD7B;
					};
				};
			};
			buildConfigurationList = 810CEDC319B6B8C00050CD7B /* Build configuration list for PBXProject "BullsEye" */;
			compatibilityVersion = "Xcode 3.2";
			developmentRegion = English;
			hasScannedForEncodings = 0;
			knownRegions = (
				en,
				Base,
			);
			mainGroup = 810CEDBF19B6B8C00050CD7B;
			productRefGroup = 810CEDC919B6B8C00050CD7B /* Products */;
			projectDirPath = "";
			projectRoot = "";
			targets = (
				810CEDC719B6B8C00050CD7B /* BullsEye */,
				810CEDE819B6B8C00050CD7B /* BullsEyeTests */,
			);
		};
/* End PBXProject section */

/* Begin PBXResourcesBuildPhase section */
		810CEDC619B6B8C00050CD7B /* Resources */ = {
			isa = PBXResourcesBuildPhase;
			buildActionMask = 2147483647;
			files = (
				810CEDE419B6B8C00050CD7B /* Images.xcassets in Resources */,
				810CEDD619B6B8C00050CD7B /* InfoPlist.strings in Resources */,
				810CEDDF19B6B8C00050CD7B /* Main.storyboard in Resources */,
			);
			runOnlyForDeploymentPostprocessing = 0;
		};
		810CEDE719B6B8C00050CD7B /* Resources */ = {
			isa = PBXResourcesBuildPhase;
			buildActionMask = 2147483647;
			files = (
				810CEDF519B6B8C00050CD7B /* InfoPlist.strings in Resources */,
			);
			runOnlyForDeploymentPostprocessing = 0;
		};
/* End PBXResourcesBuildPhase section */

/* Begin PBXSourcesBuildPhase section */
		810CEDC419B6B8C00050CD7B /* Sources */ = {
			isa = PBXSourcesBuildPhase;
			buildActionMask = 2147483647;
			files = (
				810CEDE219B6B8C00050CD7B /* BLViewController.m in Sources */,
				810CEDDC19B6B8C00050CD7B /* BLAppDelegate.m in Sources */,
				810CEDD819B6B8C00050CD7B /* main.m in Sources */,
			);
			runOnlyForDeploymentPostprocessing = 0;
		};
		810CEDE519B6B8C00050CD7B /* Sources */ = {
			isa = PBXSourcesBuildPhase;
			buildActionMask = 2147483647;
			files = (
				810CEDF719B6B8C00050CD7B /* BullsEyeTests.m in Sources */,
			);
			runOnlyForDeploymentPostprocessing = 0;
		};
/* End PBXSourcesBuildPhase section */

/* Begin PBXTargetDependency section */
		810CEDEF19B6B8C00050CD7B /* PBXTargetDependency */ = {
			isa = PBXTargetDependency;
			target = 810CEDC719B6B8C00050CD7B /* BullsEye */;
			targetProxy = 810CEDEE19B6B8C00050CD7B /* PBXContainerItemProxy */;
		};
/* End PBXTargetDependency section */

/* Begin PBXVariantGroup section */
		810CEDD419B6B8C00050CD7B /* InfoPlist.strings */ = {
			isa = PBXVariantGroup;
			children = (
				810CEDD519B6B8C00050CD7B /* en */,
			);
			name = InfoPlist.strings;
			sourceTree = "<group>";
		};
		810CEDDD19B6B8C00050CD7B /* Main.storyboard */ = {
			isa = PBXVariantGroup;
			children = (
				810CEDDE19B6B8C00050CD7B /* Base */,
			);
			name = Main.storyboard;
			sourceTree = "<group>";
		};
		810CEDF319B6B8C00050CD7B /* InfoPlist.strings */ = {
			isa = PBXVariantGroup;
			children = (
				810CEDF419B6B8C00050CD7B /* en */,
			);
			name = InfoPlist.strings;
			sourceTree = "<group>";
		};
/* End PBXVariantGroup section */

/* Begin XCBuildConfiguration section */
		810CEDF819B6B8C00050CD7B /* Debug */ = {
			isa = XCBuildConfiguration;
			buildSettings = {
				ALWAYS_SEARCH_USER_PATHS = NO;
				CLANG_CXX_LANGUAGE_STANDARD = "gnu++0x";
				CLANG_CXX_LIBRARY = "libc++";
				CLANG_ENABLE_MODULES = YES;
				CLANG_ENABLE_OBJC_ARC = YES;
				CLANG_WARN_BOOL_CONVERSION = YES;
				CLANG_WARN_CONSTANT_CONVERSION = YES;
				CLANG_WARN_DIRECT_OBJC_ISA_USAGE = YES_ERROR;
				CLANG_WARN_EMPTY_BODY = YES;
				CLANG_WARN_ENUM_CONVERSION = YES;
				CLANG_WARN_INT_CONVERSION = YES;
				CLANG_WARN_OBJC_ROOT_CLASS = YES_ERROR;
				CLANG_WARN__DUPLICATE_METHOD_MATCH = YES;
				"CODE_SIGN_IDENTITY[sdk=iphoneos*]" = "iPhone Developer";
				COPY_PHASE_STRIP = NO;
				GCC_C_LANGUAGE_STANDARD = gnu99;
				GCC_DYNAMIC_NO_PIC = NO;
				GCC_OPTIMIZATION_LEVEL = 0;
				GCC_PREPROCESSOR_DEFINITIONS = (
					"DEBUG=1",
					"$(inherited)",
				);
				GCC_SYMBOLS_PRIVATE_EXTERN = NO;
				GCC_WARN_64_TO_32_BIT_CONVERSION = YES;
				GCC_WARN_ABOUT_RETURN_TYPE = YES_ERROR;
				GCC_WARN_UNDECLARED_SELECTOR = YES;
				GCC_WARN_UNINITIALIZED_AUTOS = YES_AGGRESSIVE;
				GCC_WARN_UNUSED_FUNCTION = YES;
				GCC_WARN_UNUSED_VARIABLE = YES;
				IPHONEOS_DEPLOYMENT_TARGET = 7.1;
				ONLY_ACTIVE_ARCH = YES;
				SDKROOT = iphoneos;
			};
			name = Debug;
		};
		810CEDF919B6B8C00050CD7B /* Release */ = {
			isa = XCBuildConfiguration;
			buildSettings = {
				ALWAYS_SEARCH_USER_PATHS = NO;
				CLANG_CXX_LANGUAGE_STANDARD = "gnu++0x";
				CLANG_CXX_LIBRARY = "libc++";
				CLANG_ENABLE_MODULES = YES;
				CLANG_ENABLE_OBJC_ARC = YES;
				CLANG_WARN_BOOL_CONVERSION = YES;
				CLANG_WARN_CONSTANT_CONVERSION = YES;
				CLANG_WARN_DIRECT_OBJC_ISA_USAGE = YES_ERROR;
				CLANG_WARN_EMPTY_BODY = YES;
				CLANG_WARN_ENUM_CONVERSION = YES;
				CLANG_WARN_INT_CONVERSION = YES;
				CLANG_WARN_OBJC_ROOT_CLASS = YES_ERROR;
				CLANG_WARN__DUPLICATE_METHOD_MATCH = YES;
				"CODE_SIGN_IDENTITY[sdk=iphoneos*]" = "iPhone Developer";
				COPY_PHASE_STRIP = YES;
				ENABLE_NS_ASSERTIONS = NO;
				GCC_C_LANGUAGE_STANDARD = gnu99;
				GCC_WARN_64_TO_32_BIT_CONVERSION = YES;
				GCC_WARN_ABOUT_RETURN_TYPE = YES_ERROR;
				GCC_WARN_UNDECLARED_SELECTOR = YES;
				GCC_WARN_UNINITIALIZED_AUTOS = YES_AGGRESSIVE;
				GCC_WARN_UNUSED_FUNCTION = YES;
				GCC_WARN_UNUSED_VARIABLE = YES;
				IPHONEOS_DEPLOYMENT_TARGET = 7.1;
				SDKROOT = iphoneos;
				VALIDATE_PRODUCT = YES;
			};
			name = Release;
		};
		810CEDFB19B6B8C00050CD7B /* Debug */ = {
			isa = XCBuildConfiguration;
			buildSettings = {
				ASSETCATALOG_COMPILER_APPICON_NAME = AppIcon;
				ASSETCATALOG_COMPILER_LAUNCHIMAGE_NAME = LaunchImage;
				GCC_PRECOMPILE_PREFIX_HEADER = YES;
				GCC_PREFIX_HEADER = "BullsEye/BullsEye-Prefix.pch";
				INFOPLIST_FILE = "BullsEye/BullsEye-Info.plist";
				PRODUCT_NAME = "$(TARGET_NAME)";
				WRAPPER_EXTENSION = app;
			};
			name = Debug;
		};
		810CEDFC19B6B8C00050CD7B /* Release */ = {
			isa = XCBuildConfiguration;
			buildSettings = {
				ASSETCATALOG_COMPILER_APPICON_NAME = AppIcon;
				ASSETCATALOG_COMPILER_LAUNCHIMAGE_NAME = LaunchImage;
				GCC_PRECOMPILE_PREFIX_HEADER = YES;
				GCC_PREFIX_HEADER = "BullsEye/BullsEye-Prefix.pch";
				INFOPLIST_FILE = "BullsEye/BullsEye-Info.plist";
				PRODUCT_NAME = "$(TARGET_NAME)";
				WRAPPER_EXTENSION = app;
			};
			name = Release;
		};
		810CEDFE19B6B8C00050CD7B /* Debug */ = {
			isa = XCBuildConfiguration;
			buildSettings = {
				BUNDLE_LOADER = "$(BUILT_PRODUCTS_DIR)/BullsEye.app/BullsEye";
				FRAMEWORK_SEARCH_PATHS = (
					"$(SDKROOT)/Developer/Library/Frameworks",
					"$(inherited)",
					"$(DEVELOPER_FRAMEWORKS_DIR)",
				);
				GCC_PRECOMPILE_PREFIX_HEADER = YES;
				GCC_PREFIX_HEADER = "BullsEye/BullsEye-Prefix.pch";
				GCC_PREPROCESSOR_DEFINITIONS = (
					"DEBUG=1",
					"$(inherited)",
				);
				INFOPLIST_FILE = "BullsEyeTests/BullsEyeTests-Info.plist";
				PRODUCT_NAME = "$(TARGET_NAME)";
				TEST_HOST = "$(BUNDLE_LOADER)";
				WRAPPER_EXTENSION = xctest;
			};
			name = Debug;
		};
		810CEDFF19B6B8C00050CD7B /* Release */ = {
			isa = XCBuildConfiguration;
			buildSettings = {
				BUNDLE_LOADER = "$(BUILT_PRODUCTS_DIR)/BullsEye.app/BullsEye";
				FRAMEWORK_SEARCH_PATHS = (
					"$(SDKROOT)/Developer/Library/Frameworks",
					"$(inherited)",
					"$(DEVELOPER_FRAMEWORKS_DIR)",
				);
				GCC_PRECOMPILE_PREFIX_HEADER = YES;
				GCC_PREFIX_HEADER = "BullsEye/BullsEye-Prefix.pch";
				INFOPLIST_FILE = "BullsEyeTests/BullsEyeTests-Info.plist";
				PRODUCT_NAME = "$(TARGET_NAME)";
				TEST_HOST = "$(BUNDLE_LOADER)";
				WRAPPER_EXTENSION = xctest;
			};
			name = Release;
		};
/* End XCBuildConfiguration section */

/* Begin XCConfigurationList section */
		810CEDC319B6B8C00050CD7B /* Build configuration list for PBXProject "BullsEye" */ = {
			isa = XCConfigurationList;
			buildConfigurations = (
				810CEDF819B6B8C00050CD7B /* Debug */,
				810CEDF919B6B8C00050CD7B /* Release */,
			);
			defaultConfigurationIsVisible = 0;
			defaultConfigurationName = Release;
		};
		810CEDFA19B6B8C00050CD7B /* Build configuration list for PBXNativeTarget "BullsEye" */ = {
			isa = XCConfigurationList;
			buildConfigurations = (
				810CEDFB19B6B8C00050CD7B /* Debug */,
				810CEDFC19B6B8C00050CD7B /* Release */,
			);
			defaultConfigurationIsVisible = 0;
		};
		810CEDFD19B6B8C00050CD7B /* Build configuration list for PBXNativeTarget "BullsEyeTests" */ = {
			isa = XCConfigurationList;
			buildConfigurations = (
				810CEDFE19B6B8C00050CD7B /* Debug */,
				810CEDFF19B6B8C00050CD7B /* Release */,
			);
			defaultConfigurationIsVisible = 0;
		};
/* End XCConfigurationList section */
	};
	rootObject = 810CEDC019B6B8C00050CD7B /* Project object */;
}
